
Microsoft Visual Studio Solution File, Format Version 12.00
# Visual Studio Version 16
VisualStudioVersion = 16.0.31624.102
MinimumVisualStudioVersion = 10.0.40219.1
Project("{FAE04EC0-301F-11D3-BF4B-00C04F79EFBC}") = "GetToKnow", "GetToKnow\GetToKnow.csproj", "{8AAF799D-B1C7-490C-8946-66650E2772F6}"
EndProject
Project("{FAE04EC0-301F-11D3-BF4B-00C04F79EFBC}") = "GetToKnow.Entitties", "GetToKnow.Entitties\GetToKnow.Entitties.csproj", "{03184F01-F9CE-4AF0-A4BD-2FE57AFF6DDB}"
EndProject
Global
	GlobalSection(SolutionConfigurationPlatforms) = preSolution
		Debug|Any CPU = Debug|Any CPU
		Release|Any CPU = Release|Any CPU
	EndGlobalSection
	GlobalSection(ProjectConfigurationPlatforms) = postSolution
		{8AAF799D-B1C7-490C-8946-66650E2772F6}.Debug|Any CPU.ActiveCfg = Debug|Any CPU
		{8AAF799D-B1C7-490C-8946-66650E2772F6}.Debug|Any CPU.Build.0 = Debug|Any CPU
		{8AAF799D-B1C7-490C-8946-66650E2772F6}.Release|Any CPU.ActiveCfg = Release|Any CPU
		{8AAF799D-B1C7-490C-8946-66650E2772F6}.Release|Any CPU.Build.0 = Release|Any CPU
		{03184F01-F9CE-4AF0-A4BD-2FE57AFF6DDB}.Debug|Any CPU.ActiveCfg = Debug|Any CPU
		{03184F01-F9CE-4AF0-A4BD-2FE57AFF6DDB}.Debug|Any CPU.Build.0 = Debug|Any CPU
		{03184F01-F9CE-4AF0-A4BD-2FE57AFF6DDB}.Release|Any CPU.ActiveCfg = Release|Any CPU
		{03184F01-F9CE-4AF0-A4BD-2FE57AFF6DDB}.Release|Any CPU.Build.0 = Release|Any CPU
	EndGlobalSection
	GlobalSection(SolutionProperties) = preSolution
		HideSolutionNode = FALSE
	EndGlobalSection
	GlobalSection(ExtensibilityGlobals) = postSolution
		SolutionGuid = {CF8EFE6D-BC87-4DD3-B453-9B5139C703E6}
	EndGlobalSection
EndGlobal
